# This file is autogenerated, do not edit; changes may be undone by the next 'dep ensure'.


[[projects]]
  digest = "1:805922a698719105a020d35c21420478beab6505764348ab994cb443cdc1ac4b"
  name = "cloud.google.com/go"
  packages = ["compute/metadata"]
  pruneopts = "UT"
  revision = "7cfb4662a9aa5a065063c202c577acb0b582498b"
  version = "v0.55.0"

[[projects]]
  branch = "master"
  digest = "1:163189d44cb045731c36bd69a13c35e91c04a48065c41253c15b206c6c6cc4c8"
  name = "github.com/brankas/autocertdns"
  packages = [
    ".",
    "gcdnsp",
    "godop",
  ]
  pruneopts = "UT"
  revision = "7ff699412a4deb56c78bf9ddbeb5de6fe3856ed5"

[[projects]]
  digest = "1:2a3f5ef412ac1ce22645e5f20eccc23e99f09aa5c465dc98ee0231350f69857e"
  name = "github.com/brankas/envcfg"
  packages = ["."]
  pruneopts = "UT"
  revision = "1ec10a518bcdf501ac3df9898c9031b5438a3c9b"
  version = "v0.1.0"

[[projects]]
  digest = "1:aa3e85b1d20a562ff27ef7df78e9ba5675662f910824677069f4cc9d5b388305"
  name = "github.com/brankas/netmux"
  packages = ["."]
  pruneopts = "UT"
  revision = "954a035235281876a7f86ed56116ecb8cb22243f"
  version = "v0.1.1"

[[projects]]
  digest = "1:72187b7856018a531bb791ab83cdfde288f9898ce98bf1bc38912b94a5396b57"
  name = "github.com/brankas/sentinel"
  packages = ["."]
  pruneopts = "UT"
  revision = "90cfc097a90acf2f53d73f05fd89749359fe64bc"
  version = "v0.1.3"

[[projects]]
  digest = "1:d8e7473a5951190bf22f2ad1a89fa50cca19d223ea524b7801421b13b006a00a"
  name = "github.com/digitalocean/godo"
  packages = ["."]
  pruneopts = "UT"
  revision = "a1db2f5c36dee0845f600c8f7284d16ef4874b32"
  version = "v1.33.1"

[[projects]]
  digest = "1:80057945464ffb5b0da1f026beb8df0e8dbd098eaf771a349291bed2cd29a83e"
  name = "github.com/fsnotify/fsnotify"
  packages = ["."]
  pruneopts = "UT"
  revision = "45d7d09e39ef4ac08d493309fa031790c15bfe8a"
  version = "v1.4.9"

[[projects]]
  branch = "master"
  digest = "1:b7cb6054d3dff43b38ad2e92492f220f57ae6087ee797dca298139776749ace8"
  name = "github.com/golang/groupcache"
  packages = ["lru"]
  pruneopts = "UT"
  revision = "8c9f03a8e57eb486e42badaed3fb287da51807ba"

[[projects]]
  digest = "1:727995ebcf0b117a1e575479f2ce41075b7097921a0f18f32c004e77e2d01d1f"
  name = "github.com/golang/protobuf"
  packages = [
    "descriptor",
    "jsonpb",
    "proto",
    "protoc-gen-go/descriptor",
    "ptypes",
    "ptypes/any",
    "ptypes/duration",
    "ptypes/struct",
    "ptypes/timestamp",
    "ptypes/wrappers",
  ]
  pruneopts = "UT"
  revision = "84668698ea25b64748563aa20726db66a6b8d299"
  version = "v1.3.5"

[[projects]]
  digest = "1:a63cff6b5d8b95638bfe300385d93b2a6d9d687734b863da8e09dc834510a690"
  name = "github.com/google/go-querystring"
  packages = ["query"]
  pruneopts = "UT"
  revision = "44c6ddd0a2342c386950e880b658017258da92fc"
  version = "v1.0.0"

[[projects]]
  digest = "1:766102087520f9d54f2acc72bd6637045900ac735b4a419b128d216f0c5c4876"
  name = "github.com/googleapis/gax-go"
  packages = ["v2"]
  pruneopts = "UT"
  revision = "bd5b16380fd03dc758d11cef74ba2e3bc8b0e8c2"
  version = "v2.0.5"

[[projects]]
  digest = "1:2377108044b58624fcba0949555b941b922945da0dbb45ddebf3d3df805ff215"
  name = "github.com/grpc-ecosystem/grpc-gateway"
  packages = [
    "internal",
    "runtime",
    "utilities",
  ]
  pruneopts = "UT"
  revision = "5ec11588db26960526dccc39cf40367a54d76e16"
  version = "v1.14.3"

[[projects]]
  branch = "master"
  digest = "1:f7f1f0a61e1c4681401e4bffb20decf994913ec6f4ab27f1692f8a6841fc84b5"
  name = "github.com/knq/ini"
  packages = [
    ".",
    "parser",
  ]
  pruneopts = "UT"
  revision = "58b5e74713e005e3eb460c354a1514c63a486cd0"

[[projects]]
  branch = "master"
  digest = "1:65caa6cd528a311c60a04a36223393f9892d6f4c520975ab541064b02c4c2f7c"
  name = "github.com/knq/jwt"
  packages = [
    ".",
    "bearer",
    "gserviceaccount",
  ]
  pruneopts = "UT"
  revision = "fc44a4704737296ab034fd04557f9f1b36cc1612"

[[projects]]
  branch = "master"
  digest = "1:8283fa1deab4431edb2abe1ca4c33b2297e6be4fe55c482452103fec83dccfa3"
  name = "github.com/knq/pemutil"
  packages = ["."]
  pruneopts = "UT"
  revision = "fb6fad722528d308d5fbc9f39e0a9644905ee1cb"

[[projects]]
  digest = "1:31e761d97c76151dde79e9d28964a812c46efc5baee4085b86f68f0c654450de"
  name = "github.com/konsorten/go-windows-terminal-sequences"
  packages = ["."]
  pruneopts = "UT"
  revision = "f55edac94c9bbba5d6182a4be46d86a2c9b5b50e"
  version = "v1.0.2"

[[projects]]
  digest = "1:9ff22c26414baf7deaf74f2a788fe7b97666048bcbe346c52cfe823442abbdfb"
  name = "github.com/lib/pq"
  packages = [
    ".",
    "oid",
    "scram",
  ]
  pruneopts = "UT"
  revision = "99274577be97ac9b1d95a2d61d566dc9b7cc6a54"
  version = "v1.3.0"

[[projects]]
  digest = "1:3e2a07391c0756e06504dfa2fb6c52d55261c8d5a9d790ab316a1544bbe87b0d"
  name = "github.com/miekg/dns"
  packages = ["."]
  pruneopts = "UT"
  revision = "f515aa579d28efa1af67d9a62cc57f2dfe59da76"
  version = "v1.1.29"

[[projects]]
  digest = "1:0599141a8403114d34f1e546604ad6c5361b70dfa80e80c635f438cdbf71b43a"
  name = "github.com/sirupsen/logrus"
  packages = ["."]
  pruneopts = "UT"
  revision = "d417be0fe654de640a82370515129985b407c7e3"
  version = "v1.5.0"

[[projects]]
  digest = "1:30e06e6d62a1d694e3cdbff29d8a9a96022e05a487d0c6eaf0ef898965ef28fb"
  name = "github.com/soheilhy/cmux"
  packages = ["."]
  pruneopts = "UT"
  revision = "e09e9389d85d8492d313d73d1469c029e710623f"
  version = "v0.1.4"

[[projects]]
  digest = "1:d9fe1f86ae3cc0842ef73addb881c82067ca760bf002f7adde9a8c8e6ea54627"
  name = "github.com/yookoala/realpath"
  packages = ["."]
  pruneopts = "UT"
  revision = "d19ef9c409d9817c1e685775e53d361b03eabbc8"
  version = "v1.0.0"

[[projects]]
  digest = "1:5dae67f1206b3c9fe0ba183912b1ec204f2b688b8875116c245887c4a0d5ee77"
  name = "go.opencensus.io"
  packages = [
    ".",
    "internal",
    "internal/tagencoding",
    "metric/metricdata",
    "metric/metricproducer",
    "plugin/ochttp",
    "plugin/ochttp/propagation/b3",
    "resource",
    "stats",
    "stats/internal",
    "stats/view",
    "tag",
    "trace",
    "trace/internal",
    "trace/propagation",
    "trace/tracestate",
  ]
  pruneopts = "UT"
  revision = "d835ff86be02193d324330acdb7d65546b05f814"
  version = "v0.22.3"

[[projects]]
  branch = "master"
  digest = "1:ec29e07fc6502d4fde7a79c042609be916c73259610a623793ff2253b0cf90ea"
  name = "golang.org/x/crypto"
  packages = [
    "acme",
    "acme/autocert",
    "ed25519",
    "ed25519/internal/edwards25519",
  ]
  pruneopts = "UT"
  revision = "0ec3e9974c59449edd84298612e9f16fa13368e8"

[[projects]]
  branch = "master"
  digest = "1:d36ef39f3570679d6c10bc55f5751d46de2e2292a7006f19e01ffea1486d3d26"
  name = "golang.org/x/net"
  packages = [
    "bpf",
    "context",
    "context/ctxhttp",
    "http/httpguts",
    "http2",
    "http2/hpack",
    "idna",
    "internal/iana",
    "internal/socket",
    "internal/timeseries",
    "ipv4",
    "ipv6",
    "trace",
  ]
  pruneopts = "UT"
  revision = "d3edc9973b7eb1fb302b0ff2c62357091cea9a30"

[[projects]]
  branch = "master"
  digest = "1:79edde3241bb55de9f4143d5083bfcff722e550c3cb8db94084eab50d0e440b5"
  name = "golang.org/x/oauth2"
  packages = [
    ".",
    "google",
    "internal",
    "jws",
    "jwt",
  ]
  pruneopts = "UT"
  revision = "bf48bf16ab8d622ce64ec6ce98d2c98f916b6303"

[[projects]]
  branch = "master"
  digest = "1:b521f10a2d8fa85c04a8ef4e62f2d1e14d303599a55d64dabf9f5a02f84d35eb"
  name = "golang.org/x/sync"
  packages = ["errgroup"]
  pruneopts = "UT"
  revision = "43a5402ce75a95522677f77c619865d66b8c57ab"

[[projects]]
  branch = "master"
  digest = "1:444c6b6bf2d8aa38e4810ef1d5ac556f2c5038cd328ee5c0f5c348e77804864b"
  name = "golang.org/x/sys"
  packages = [
    "unix",
    "windows",
  ]
  pruneopts = "UT"
  revision = "9dae0f8f577553e0f21298e18926efc9644c281d"

[[projects]]
  digest = "1:8d8faad6b12a3a4c819a3f9618cb6ee1fa1cfc33253abeeea8b55336721e3405"
  name = "golang.org/x/text"
  packages = [
    "collate",
    "collate/build",
    "internal/colltab",
    "internal/gen",
    "internal/language",
    "internal/language/compact",
    "internal/tag",
    "internal/triegen",
    "internal/ucd",
    "language",
    "secure/bidirule",
    "transform",
    "unicode/bidi",
    "unicode/cldr",
    "unicode/norm",
    "unicode/rangetable",
  ]
  pruneopts = "UT"
  revision = "342b2e1fbaa52c93f31447ad2c6abc048c63e475"
  version = "v0.3.2"

[[projects]]
  branch = "master"
  digest = "1:eeeca39588235f555a835e13d67b4f13477f5a231a80ca111e886fa3864af4d1"
  name = "golang.org/x/tools"
  packages = [
    "go/ast/astutil",
    "go/gcexportdata",
    "go/internal/gcimporter",
    "go/internal/packagesdriver",
    "go/packages",
    "go/types/typeutil",
    "internal/gocommand",
    "internal/packagesinternal",
  ]
  pruneopts = "UT"
  revision = "fd4102a86c6550a4385c50597e7f83f4622b5a19"

[[projects]]
  digest = "1:a0413ed0db642d1b7e2251af32e2833c585a100f54079f3db425240c1c555456"
  name = "google.golang.org/api"
  packages = [
    "dns/v2beta1",
    "googleapi",
    "googleapi/transport",
    "internal",
    "internal/gensupport",
    "internal/third_party/uritemplates",
    "option",
    "option/internaloption",
    "transport/cert",
    "transport/http",
    "transport/http/internal/propagation",
  ]
  pruneopts = "UT"
  revision = "c24765c18bb761c90df819dcdfdd62f9a7f6fa22"
  version = "v0.20.0"

[[projects]]
  digest = "1:3c03b58f57452764a4499c55c582346c0ee78c8a5033affe5bdfd9efd3da5bd1"
  name = "google.golang.org/appengine"
  packages = [
    ".",
    "internal",
    "internal/app_identity",
    "internal/base",
    "internal/datastore",
    "internal/log",
    "internal/modules",
    "internal/remote_api",
    "internal/urlfetch",
    "urlfetch",
  ]
  pruneopts = "UT"
  revision = "971852bfffca25b069c31162ae8f247a3dba083b"
  version = "v1.6.5"

[[projects]]
  branch = "master"
  digest = "1:fa22f7549a6d39be5779a42b558429ce32bba67ceda5aa1236b1e61d68b98a3d"
  name = "google.golang.org/genproto"
  packages = [
    "googleapis/api/annotations",
    "googleapis/api/httpbody",
    "googleapis/rpc/status",
    "protobuf/field_mask",
  ]
  pruneopts = "UT"
  revision = "f447254575fde2c994d6f2d03076c476bfe61854"

[[projects]]
  digest = "1:7543f50ecb108b5bf1220a8452d35e3fd9cb2831d3fb67f42e2647ffb9501328"
  name = "google.golang.org/grpc"
  packages = [
    ".",
    "attributes",
    "backoff",
    "balancer",
    "balancer/base",
    "balancer/roundrobin",
    "binarylog/grpc_binarylog_v1",
    "codes",
    "connectivity",
    "credentials",
    "credentials/internal",
    "encoding",
    "encoding/proto",
    "grpclog",
    "internal",
    "internal/backoff",
    "internal/balancerload",
    "internal/binarylog",
    "internal/buffer",
    "internal/channelz",
    "internal/envconfig",
    "internal/grpclog",
    "internal/grpcrand",
    "internal/grpcsync",
    "internal/grpcutil",
    "internal/resolver/dns",
    "internal/resolver/passthrough",
    "internal/syscall",
    "internal/transport",
    "keepalive",
    "metadata",
    "naming",
    "peer",
    "reflection",
    "reflection/grpc_reflection_v1alpha",
    "resolver",
    "serviceconfig",
    "stats",
    "status",
    "tap",
  ]
  pruneopts = "UT"
  revision = "142182889d38b76209f1d9f1d8e91d7608aff542"
  version = "v1.28.0"

[solve-meta]
  analyzer-name = "dep"
  analyzer-version = 1
  input-imports = [
    "github.com/brankas/envcfg",
    "github.com/golang/protobuf/descriptor",
    "github.com/golang/protobuf/proto",
    "github.com/grpc-ecosystem/grpc-gateway/runtime",
    "github.com/grpc-ecosystem/grpc-gateway/utilities",
    "github.com/lib/pq",
    "github.com/sirupsen/logrus",
    "github.com/soheilhy/cmux",
    "golang.org/x/sync/errgroup",
    "google.golang.org/genproto/googleapis/api/annotations",
    "google.golang.org/grpc",
    "google.golang.org/grpc/codes",
    "google.golang.org/grpc/grpclog",
    "google.golang.org/grpc/reflection",
    "google.golang.org/grpc/status",
  ]
  solver-name = "gps-cdcl"
  solver-version = 1
